
Microsoft Visual Studio Solution File, Format Version 12.00
# Visual Studio Version 17
VisualStudioVersion = 17.0.31903.59
MinimumVisualStudioVersion = 10.0.40219.1
Project("{FAE04EC0-301F-11D3-BF4B-00C04F79EFBC}") = "Thingstead.Aspire.Hosting.Expo", "Thingstead.Aspire.Hosting.Expo\Thingstead.Aspire.Hosting.Expo.csproj", "{96A0421C-583E-429D-A230-2B88D680B014}"
EndProject
Project("{FAE04EC0-301F-11D3-BF4B-00C04F79EFBC}") = "Thingstead.Aspire.Hosting.Expo.Tests", "Thingstead.Aspire.Hosting.Expo.Tests\Thingstead.Aspire.Hosting.Expo.Tests.csproj", "{86478197-40CD-40BC-89EA-FE4D43AD64CE}"
EndProject
Global
	GlobalSection(SolutionConfigurationPlatforms) = preSolution
		Debug|Any CPU = Debug|Any CPU
		Debug|x64 = Debug|x64
		Debug|x86 = Debug|x86
		Release|Any CPU = Release|Any CPU
		Release|x64 = Release|x64
		Release|x86 = Release|x86
	EndGlobalSection
	GlobalSection(ProjectConfigurationPlatforms) = postSolution
		{96A0421C-583E-429D-A230-2B88D680B014}.Debug|Any CPU.ActiveCfg = Debug|Any CPU
		{96A0421C-583E-429D-A230-2B88D680B014}.Debug|Any CPU.Build.0 = Debug|Any CPU
		{96A0421C-583E-429D-A230-2B88D680B014}.Debug|x64.ActiveCfg = Debug|Any CPU
		{96A0421C-583E-429D-A230-2B88D680B014}.Debug|x64.Build.0 = Debug|Any CPU
		{96A0421C-583E-429D-A230-2B88D680B014}.Debug|x86.ActiveCfg = Debug|Any CPU
		{96A0421C-583E-429D-A230-2B88D680B014}.Debug|x86.Build.0 = Debug|Any CPU
		{96A0421C-583E-429D-A230-2B88D680B014}.Release|Any CPU.ActiveCfg = Release|Any CPU
		{96A0421C-583E-429D-A230-2B88D680B014}.Release|Any CPU.Build.0 = Release|Any CPU
		{96A0421C-583E-429D-A230-2B88D680B014}.Release|x64.ActiveCfg = Release|Any CPU
		{96A0421C-583E-429D-A230-2B88D680B014}.Release|x64.Build.0 = Release|Any CPU
		{96A0421C-583E-429D-A230-2B88D680B014}.Release|x86.ActiveCfg = Release|Any CPU
		{96A0421C-583E-429D-A230-2B88D680B014}.Release|x86.Build.0 = Release|Any CPU
		{86478197-40CD-40BC-89EA-FE4D43AD64CE}.Debug|Any CPU.ActiveCfg = Debug|Any CPU
		{86478197-40CD-40BC-89EA-FE4D43AD64CE}.Debug|Any CPU.Build.0 = Debug|Any CPU
		{86478197-40CD-40BC-89EA-FE4D43AD64CE}.Debug|x64.ActiveCfg = Debug|Any CPU
		{86478197-40CD-40BC-89EA-FE4D43AD64CE}.Debug|x64.Build.0 = Debug|Any CPU
		{86478197-40CD-40BC-89EA-FE4D43AD64CE}.Debug|x86.ActiveCfg = Debug|Any CPU
		{86478197-40CD-40BC-89EA-FE4D43AD64CE}.Debug|x86.Build.0 = Debug|Any CPU
		{86478197-40CD-40BC-89EA-FE4D43AD64CE}.Release|Any CPU.ActiveCfg = Release|Any CPU
		{86478197-40CD-40BC-89EA-FE4D43AD64CE}.Release|Any CPU.Build.0 = Release|Any CPU
		{86478197-40CD-40BC-89EA-FE4D43AD64CE}.Release|x64.ActiveCfg = Release|Any CPU
		{86478197-40CD-40BC-89EA-FE4D43AD64CE}.Release|x64.Build.0 = Release|Any CPU
		{86478197-40CD-40BC-89EA-FE4D43AD64CE}.Release|x86.ActiveCfg = Release|Any CPU
		{86478197-40CD-40BC-89EA-FE4D43AD64CE}.Release|x86.Build.0 = Release|Any CPU
	EndGlobalSection
	GlobalSection(SolutionProperties) = preSolution
		HideSolutionNode = FALSE
	EndGlobalSection
EndGlobal
